
Microsoft Visual Studio Solution File, Format Version 12.00
# Visual Studio Version 17
VisualStudioVersion = 17.0.31903.59
MinimumVisualStudioVersion = 10.0.40219.1
Project("{2150E333-8FDC-42A3-9474-1A3956D46DE8}") = "src", "src", "{652848D2-8B01-45CD-BF9E-F8753DED8A9D}"
EndProject
Project("{FAE04EC0-301F-11D3-BF4B-00C04F79EFBC}") = "MetaHub.Domain", "src\MetaHub.Domain\MetaHub.Domain.csproj", "{51E0D8CA-5026-4680-B34D-6281CDC7DB27}"
EndProject
Project("{FAE04EC0-301F-11D3-BF4B-00C04F79EFBC}") = "MetaHub.Infrastructure", "src\MetaHub.Infrastructure\MetaHub.Infrastructure.csproj", "{9778F60D-254F-4339-8FEA-3FC0C257798D}"
EndProject
Project("{FAE04EC0-301F-11D3-BF4B-00C04F79EFBC}") = "MetaHub.Ingest", "src\MetaHub.Ingest\MetaHub.Ingest.csproj", "{27EAE2ED-737D-4D19-AAF0-74AF704B081F}"
EndProject
Project("{FAE04EC0-301F-11D3-BF4B-00C04F79EFBC}") = "MetaHub.Api", "src\MetaHub.Api\MetaHub.Api.csproj", "{819EA1C9-449E-4199-B92F-6CE137A4D13A}"
EndProject
Project("{2150E333-8FDC-42A3-9474-1A3956D46DE8}") = "tests", "tests", "{E47A7470-6190-44D2-BC77-53E17F4323D4}"
EndProject
Project("{FAE04EC0-301F-11D3-BF4B-00C04F79EFBC}") = "MetaHub.Tests", "tests\MetaHub.Tests\MetaHub.Tests.csproj", "{13192E7A-13B5-46DF-839B-475497585722}"
EndProject
Project("{FAE04EC0-301F-11D3-BF4B-00C04F79EFBC}") = "MetaHub.Jellyfin", "src\MetaHub.Jellyfin\MetaHub.Jellyfin.csproj", "{14D798CA-0474-4564-A189-E797C4762196}"
EndProject
Project("{FAE04EC0-301F-11D3-BF4B-00C04F79EFBC}") = "MetaHub.Identification", "src\MetaHub.Identification\MetaHub.Identification.csproj", "{93E0447B-9B1C-43E4-8C24-EF8C14F2D3C1}"
EndProject
Project("{FAE04EC0-301F-11D3-BF4B-00C04F79EFBC}") = "MetaHub.Enrichment", "src\MetaHub.Enrichment\MetaHub.Enrichment.csproj", "{0BC93588-B9D1-4F35-9820-6EFA9FE20DA6}"
EndProject
Global
	GlobalSection(SolutionConfigurationPlatforms) = preSolution
		Debug|Any CPU = Debug|Any CPU
		Release|Any CPU = Release|Any CPU
	EndGlobalSection
	GlobalSection(SolutionProperties) = preSolution
		HideSolutionNode = FALSE
	EndGlobalSection
	GlobalSection(ProjectConfigurationPlatforms) = postSolution
		{51E0D8CA-5026-4680-B34D-6281CDC7DB27}.Debug|Any CPU.ActiveCfg = Debug|Any CPU
		{51E0D8CA-5026-4680-B34D-6281CDC7DB27}.Debug|Any CPU.Build.0 = Debug|Any CPU
		{51E0D8CA-5026-4680-B34D-6281CDC7DB27}.Release|Any CPU.ActiveCfg = Release|Any CPU
		{51E0D8CA-5026-4680-B34D-6281CDC7DB27}.Release|Any CPU.Build.0 = Release|Any CPU
		{9778F60D-254F-4339-8FEA-3FC0C257798D}.Debug|Any CPU.ActiveCfg = Debug|Any CPU
		{9778F60D-254F-4339-8FEA-3FC0C257798D}.Debug|Any CPU.Build.0 = Debug|Any CPU
		{9778F60D-254F-4339-8FEA-3FC0C257798D}.Release|Any CPU.ActiveCfg = Release|Any CPU
		{9778F60D-254F-4339-8FEA-3FC0C257798D}.Release|Any CPU.Build.0 = Release|Any CPU
		{27EAE2ED-737D-4D19-AAF0-74AF704B081F}.Debug|Any CPU.ActiveCfg = Debug|Any CPU
		{27EAE2ED-737D-4D19-AAF0-74AF704B081F}.Debug|Any CPU.Build.0 = Debug|Any CPU
		{27EAE2ED-737D-4D19-AAF0-74AF704B081F}.Release|Any CPU.ActiveCfg = Release|Any CPU
		{27EAE2ED-737D-4D19-AAF0-74AF704B081F}.Release|Any CPU.Build.0 = Release|Any CPU
		{819EA1C9-449E-4199-B92F-6CE137A4D13A}.Debug|Any CPU.ActiveCfg = Debug|Any CPU
		{819EA1C9-449E-4199-B92F-6CE137A4D13A}.Debug|Any CPU.Build.0 = Debug|Any CPU
		{819EA1C9-449E-4199-B92F-6CE137A4D13A}.Release|Any CPU.ActiveCfg = Release|Any CPU
		{819EA1C9-449E-4199-B92F-6CE137A4D13A}.Release|Any CPU.Build.0 = Release|Any CPU
		{13192E7A-13B5-46DF-839B-475497585722}.Debug|Any CPU.ActiveCfg = Debug|Any CPU
		{13192E7A-13B5-46DF-839B-475497585722}.Debug|Any CPU.Build.0 = Debug|Any CPU
		{13192E7A-13B5-46DF-839B-475497585722}.Release|Any CPU.ActiveCfg = Release|Any CPU
		{13192E7A-13B5-46DF-839B-475497585722}.Release|Any CPU.Build.0 = Release|Any CPU
		{14D798CA-0474-4564-A189-E797C4762196}.Debug|Any CPU.ActiveCfg = Debug|Any CPU
		{14D798CA-0474-4564-A189-E797C4762196}.Debug|Any CPU.Build.0 = Debug|Any CPU
		{14D798CA-0474-4564-A189-E797C4762196}.Release|Any CPU.ActiveCfg = Release|Any CPU
		{14D798CA-0474-4564-A189-E797C4762196}.Release|Any CPU.Build.0 = Release|Any CPU
		{93E0447B-9B1C-43E4-8C24-EF8C14F2D3C1}.Debug|Any CPU.ActiveCfg = Debug|Any CPU
		{93E0447B-9B1C-43E4-8C24-EF8C14F2D3C1}.Debug|Any CPU.Build.0 = Debug|Any CPU
		{93E0447B-9B1C-43E4-8C24-EF8C14F2D3C1}.Release|Any CPU.ActiveCfg = Release|Any CPU
		{93E0447B-9B1C-43E4-8C24-EF8C14F2D3C1}.Release|Any CPU.Build.0 = Release|Any CPU
		{0BC93588-B9D1-4F35-9820-6EFA9FE20DA6}.Debug|Any CPU.ActiveCfg = Debug|Any CPU
		{0BC93588-B9D1-4F35-9820-6EFA9FE20DA6}.Debug|Any CPU.Build.0 = Debug|Any CPU
		{0BC93588-B9D1-4F35-9820-6EFA9FE20DA6}.Release|Any CPU.ActiveCfg = Release|Any CPU
		{0BC93588-B9D1-4F35-9820-6EFA9FE20DA6}.Release|Any CPU.Build.0 = Release|Any CPU
	EndGlobalSection
	GlobalSection(NestedProjects) = preSolution
		{51E0D8CA-5026-4680-B34D-6281CDC7DB27} = {652848D2-8B01-45CD-BF9E-F8753DED8A9D}
		{9778F60D-254F-4339-8FEA-3FC0C257798D} = {652848D2-8B01-45CD-BF9E-F8753DED8A9D}
		{27EAE2ED-737D-4D19-AAF0-74AF704B081F} = {652848D2-8B01-45CD-BF9E-F8753DED8A9D}
		{819EA1C9-449E-4199-B92F-6CE137A4D13A} = {652848D2-8B01-45CD-BF9E-F8753DED8A9D}
		{13192E7A-13B5-46DF-839B-475497585722} = {E47A7470-6190-44D2-BC77-53E17F4323D4}
		{14D798CA-0474-4564-A189-E797C4762196} = {652848D2-8B01-45CD-BF9E-F8753DED8A9D}
		{93E0447B-9B1C-43E4-8C24-EF8C14F2D3C1} = {652848D2-8B01-45CD-BF9E-F8753DED8A9D}
		{0BC93588-B9D1-4F35-9820-6EFA9FE20DA6} = {652848D2-8B01-45CD-BF9E-F8753DED8A9D}
	EndGlobalSection
EndGlobal
